// !$*UTF8*$!
{
	archiveVersion = 1;
	classes = {
	};
	objectVersion = 50;
	objects = {

/* Begin PBXBuildFile section */
		5C60D59F22126AD100E09305 /* AppDelegate.swift in Sources */ = {isa = PBXBuildFile; fileRef = 5C60D59E22126AD100E09305 /* AppDelegate.swift */; };
		5C60D5A122126AD100E09305 /* ViewController.swift in Sources */ = {isa = PBXBuildFile; fileRef = 5C60D5A022126AD100E09305 /* ViewController.swift */; };
		5C60D5A422126AD100E09305 /* Main.storyboard in Resources */ = {isa = PBXBuildFile; fileRef = 5C60D5A222126AD100E09305 /* Main.storyboard */; };
		5C60D5A622126AD200E09305 /* Assets.xcassets in Resources */ = {isa = PBXBuildFile; fileRef = 5C60D5A522126AD200E09305 /* Assets.xcassets */; };
		5C60D5A922126AD200E09305 /* LaunchScreen.storyboard in Resources */ = {isa = PBXBuildFile; fileRef = 5C60D5A722126AD200E09305 /* LaunchScreen.storyboard */; };
		5C60D5B122126B2B00E09305 /* MainTabBarController.swift in Sources */ = {isa = PBXBuildFile; fileRef = 5C60D5B022126B2B00E09305 /* MainTabBarController.swift */; };
/* End PBXBuildFile section */

/* Begin PBXFileReference section */
		5C60D59B22126AD100E09305 /* EasyPodcast.app */ = {isa = PBXFileReference; explicitFileType = wrapper.application; includeInIndex = 0; path = EasyPodcast.app; sourceTree = BUILT_PRODUCTS_DIR; };
		5C60D59E22126AD100E09305 /* AppDelegate.swift */ = {isa = PBXFileReference; lastKnownFileType = sourcecode.swift; path = AppDelegate.swift; sourceTree = "<group>"; };
		5C60D5A022126AD100E09305 /* ViewController.swift */ = {isa = PBXFileReference; lastKnownFileType = sourcecode.swift; path = ViewController.swift; sourceTree = "<group>"; };
		5C60D5A322126AD100E09305 /* Base */ = {isa = PBXFileReference; lastKnownFileType = file.storyboard; name = Base; path = Base.lproj/Main.storyboard; sourceTree = "<group>"; };
		5C60D5A522126AD200E09305 /* Assets.xcassets */ = {isa = PBXFileReference; lastKnownFileType = folder.assetcatalog; path = Assets.xcassets; sourceTree = "<group>"; };
		5C60D5A822126AD200E09305 /* Base */ = {isa = PBXFileReference; lastKnownFileType = file.storyboard; name = Base; path = Base.lproj/LaunchScreen.storyboard; sourceTree = "<group>"; };
		5C60D5AA22126AD200E09305 /* Info.plist */ = {isa = PBXFileReference; lastKnownFileType = text.plist.xml; path = Info.plist; sourceTree = "<group>"; };
		5C60D5B022126B2B00E09305 /* MainTabBarController.swift */ = {isa = PBXFileReference; lastKnownFileType = sourcecode.swift; path = MainTabBarController.swift; sourceTree = "<group>"; };
/* End PBXFileReference section */

/* Begin PBXFrameworksBuildPhase section */
		5C60D59822126AD100E09305 /* Frameworks */ = {
			isa = PBXFrameworksBuildPhase;
			buildActionMask = 2147483647;
			files = (
			);
			runOnlyForDeploymentPostprocessing = 0;
		};
/* End PBXFrameworksBuildPhase section */

/* Begin PBXGroup section */
		5C60D59222126AD100E09305 = {
			isa = PBXGroup;
			children = (
				5C60D59D22126AD100E09305 /* EasyPodcast */,
				5C60D59C22126AD100E09305 /* Products */,
			);
			sourceTree = "<group>";
		};
		5C60D59C22126AD100E09305 /* Products */ = {
			isa = PBXGroup;
			children = (
				5C60D59B22126AD100E09305 /* EasyPodcast.app */,
			);
			name = Products;
			sourceTree = "<group>";
		};
		5C60D59D22126AD100E09305 /* EasyPodcast */ = {
			isa = PBXGroup;
			children = (
				5C60D59E22126AD100E09305 /* AppDelegate.swift */,
				5C60D5A022126AD100E09305 /* ViewController.swift */,
				5C60D5A222126AD100E09305 /* Main.storyboard */,
				5C60D5A522126AD200E09305 /* Assets.xcassets */,
				5C60D5A722126AD200E09305 /* LaunchScreen.storyboard */,
				5C60D5AA22126AD200E09305 /* Info.plist */,
				5C60D5B022126B2B00E09305 /* MainTabBarController.swift */,
			);
			path = EasyPodcast;
			sourceTree = "<group>";
		};
/* End PBXGroup section */

/* Begin PBXNativeTarget section */
		5C60D59A22126AD100E09305 /* EasyPodcast */ = {
			isa = PBXNativeTarget;
			buildConfigurationList = 5C60D5AD22126AD200E09305 /* Build configuration list for PBXNativeTarget "EasyPodcast" */;
			buildPhases = (
				5C60D59722126AD100E09305 /* Sources */,
				5C60D59822126AD100E09305 /* Frameworks */,
				5C60D59922126AD100E09305 /* Resources */,
			);
			buildRules = (
			);
			dependencies = (
			);
			name = EasyPodcast;
			productName = EasyPodcast;
			productReference = 5C60D59B22126AD100E09305 /* EasyPodcast.app */;
			productType = "com.apple.product-type.application";
		};
/* End PBXNativeTarget section */

/* Begin PBXProject section */
		5C60D59322126AD100E09305 /* Project object */ = {
			isa = PBXProject;
			attributes = {
				LastSwiftUpdateCheck = 1010;
				LastUpgradeCheck = 1010;
				ORGANIZATIONNAME = "钟汇杭";
				TargetAttributes = {
					5C60D59A22126AD100E09305 = {
						CreatedOnToolsVersion = 10.1;
					};
				};
			};
			buildConfigurationList = 5C60D59622126AD100E09305 /* Build configuration list for PBXProject "EasyPodcast" */;
			compatibilityVersion = "Xcode 9.3";
			developmentRegion = en;
			hasScannedForEncodings = 0;
			knownRegions = (
				en,
				Base,
			);
			mainGroup = 5C60D59222126AD100E09305;
			productRefGroup = 5C60D59C22126AD100E09305 /* Products */;
			projectDirPath = "";
			projectRoot = "";
			targets = (
				5C60D59A22126AD100E09305 /* EasyPodcast */,
			);
		};
/* End PBXProject section */

/* Begin PBXResourcesBuildPhase section */
		5C60D59922126AD100E09305 /* Resources */ = {
			isa = PBXResourcesBuildPhase;
			buildActionMask = 2147483647;
			files = (
				5C60D5A922126AD200E09305 /* LaunchScreen.storyboard in Resources */,
				5C60D5A622126AD200E09305 /* Assets.xcassets in Resources */,
				5C60D5A422126AD100E09305 /* Main.storyboard in Resources */,
			);
			runOnlyForDeploymentPostprocessing = 0;
		};
/* End PBXResourcesBuildPhase section */

/* Begin PBXSourcesBuildPhase section */
		5C60D59722126AD100E09305 /* Sources */ = {
			isa = PBXSourcesBuildPhase;
			buildActionMask = 2147483647;
			files = (
				5C60D5A122126AD100E09305 /* ViewController.swift in Sources */,
				5C60D59F22126AD100E09305 /* AppDelegate.swift in Sources */,
				5C60D5B122126B2B00E09305 /* MainTabBarController.swift in Sources */,
			);
			runOnlyForDeploymentPostprocessing = 0;
		};
/* End PBXSourcesBuildPhase section */

/* Begin PBXVariantGroup section */
		5C60D5A222126AD100E09305 /* Main.storyboard */ = {
			isa = PBXVariantGroup;
			children = (
				5C60D5A322126AD100E09305 /* Base */,
			);
			name = Main.storyboard;
			sourceTree = "<group>";
		};
		5C60D5A722126AD200E09305 /* LaunchScreen.storyboard */ = {
			isa = PBXVariantGroup;
			children = (
				5C60D5A822126AD200E09305 /* Base */,
			);
			name = LaunchScreen.storyboard;
			sourceTree = "<group>";
		};
/* End PBXVariantGroup section */

/* Begin XCBuildConfiguration section */
		5C60D5AB22126AD200E09305 /* Debug */ = {
			isa = XCBuildConfiguration;
			buildSettings = {
				ALWAYS_SEARCH_USER_PATHS = NO;
				CLANG_ANALYZER_NONNULL = YES;
				CLANG_ANALYZER_NUMBER_OBJECT_CONVERSION = YES_AGGRESSIVE;
				CLANG_CXX_LANGUAGE_STANDARD = "gnu++14";
				CLANG_CXX_LIBRARY = "libc++";
				CLANG_ENABLE_MODULES = YES;
				CLANG_ENABLE_OBJC_ARC = YES;
				CLANG_ENABLE_OBJC_WEAK = YES;
				CLANG_WARN_BLOCK_CAPTURE_AUTORELEASING = YES;
				CLANG_WARN_BOOL_CONVERSION = YES;
				CLANG_WARN_COMMA = YES;
				CLANG_WARN_CONSTANT_CONVERSION = YES;
				CLANG_WARN_DEPRECATED_OBJC_IMPLEMENTATIONS = YES;
				CLANG_WARN_DIRECT_OBJC_ISA_USAGE = YES_ERROR;
				CLANG_WARN_DOCUMENTATION_COMMENTS = YES;
				CLANG_WARN_EMPTY_BODY = YES;
				CLANG_WARN_ENUM_CONVERSION = YES;
				CLANG_WARN_INFINITE_RECURSION = YES;
				CLANG_WARN_INT_CONVERSION = YES;
				CLANG_WARN_NON_LITERAL_NULL_CONVERSION = YES;
				CLANG_WARN_OBJC_IMPLICIT_RETAIN_SELF = YES;
				CLANG_WARN_OBJC_LITERAL_CONVERSION = YES;
				CLANG_WARN_OBJC_ROOT_CLASS = YES_ERROR;
				CLANG_WARN_RANGE_LOOP_ANALYSIS = YES;
				CLANG_WARN_STRICT_PROTOTYPES = YES;
				CLANG_WARN_SUSPICIOUS_MOVE = YES;
				CLANG_WARN_UNGUARDED_AVAILABILITY = YES_AGGRESSIVE;
				CLANG_WARN_UNREACHABLE_CODE = YES;
				CLANG_WARN__DUPLICATE_METHOD_MATCH = YES;
				CODE_SIGN_IDENTITY = "iPhone Developer";
				COPY_PHASE_STRIP = NO;
				DEBUG_INFORMATION_FORMAT = dwarf;
				ENABLE_STRICT_OBJC_MSGSEND = YES;
				ENABLE_TESTABILITY = YES;
				GCC_C_LANGUAGE_STANDARD = gnu11;
				GCC_DYNAMIC_NO_PIC = NO;
				GCC_NO_COMMON_BLOCKS = YES;
				GCC_OPTIMIZATION_LEVEL = 0;
				GCC_PREPROCESSOR_DEFINITIONS = (
					"DEBUG=1",
					"$(inherited)",
				);
				GCC_WARN_64_TO_32_BIT_CONVERSION = YES;
				GCC_WARN_ABOUT_RETURN_TYPE = YES_ERROR;
				GCC_WARN_UNDECLARED_SELECTOR = YES;
				GCC_WARN_UNINITIALIZED_AUTOS = YES_AGGRESSIVE;
				GCC_WARN_UNUSED_FUNCTION = YES;
				GCC_WARN_UNUSED_VARIABLE = YES;
				IPHONEOS_DEPLOYMENT_TARGET = 12.1;
				MTL_ENABLE_DEBUG_INFO = INCLUDE_SOURCE;
				MTL_FAST_MATH = YES;
				ONLY_ACTIVE_ARCH = YES;
				SDKROOT = iphoneos;
				SWIFT_ACTIVE_COMPILATION_CONDITIONS = DEBUG;
				SWIFT_OPTIMIZATION_LEVEL = "-Onone";
			};
			name = Debug;
		};
		5C60D5AC22126AD200E09305 /* Release */ = {
			isa = XCBuildConfiguration;
			buildSettings = {
				ALWAYS_SEARCH_USER_PATHS = NO;
				CLANG_ANALYZER_NONNULL = YES;
				CLANG_ANALYZER_NUMBER_OBJECT_CONVERSION = YES_AGGRESSIVE;
				CLANG_CXX_LANGUAGE_STANDARD = "gnu++14";
				CLANG_CXX_LIBRARY = "libc++";
				CLANG_ENABLE_MODULES = YES;
				CLANG_ENABLE_OBJC_ARC = YES;
				CLANG_ENABLE_OBJC_WEAK = YES;
				CLANG_WARN_BLOCK_CAPTURE_AUTORELEASING = YES;
				CLANG_WARN_BOOL_CONVERSION = YES;
				CLANG_WARN_COMMA = YES;
				CLANG_WARN_CONSTANT_CONVERSION = YES;
				CLANG_WARN_DEPRECATED_OBJC_IMPLEMENTATIONS = YES;
				CLANG_WARN_DIRECT_OBJC_ISA_USAGE = YES_ERROR;
				CLANG_WARN_DOCUMENTATION_COMMENTS = YES;
				CLANG_WARN_EMPTY_BODY = YES;
				CLANG_WARN_ENUM_CONVERSION = YES;
				CLANG_WARN_INFINITE_RECURSION = YES;
				CLANG_WARN_INT_CONVERSION = YES;
				CLANG_WARN_NON_LITERAL_NULL_CONVERSION = YES;
				CLANG_WARN_OBJC_IMPLICIT_RETAIN_SELF = YES;
				CLANG_WARN_OBJC_LITERAL_CONVERSION = YES;
				CLANG_WARN_OBJC_ROOT_CLASS = YES_ERROR;
				CLANG_WARN_RANGE_LOOP_ANALYSIS = YES;
				CLANG_WARN_STRICT_PROTOTYPES = YES;
				CLANG_WARN_SUSPICIOUS_MOVE = YES;
				CLANG_WARN_UNGUARDED_AVAILABILITY = YES_AGGRESSIVE;
				CLANG_WARN_UNREACHABLE_CODE = YES;
				CLANG_WARN__DUPLICATE_METHOD_MATCH = YES;
				CODE_SIGN_IDENTITY = "iPhone Developer";
				COPY_PHASE_STRIP = NO;
				DEBUG_INFORMATION_FORMAT = "dwarf-with-dsym";
				ENABLE_NS_ASSERTIONS = NO;
				ENABLE_STRICT_OBJC_MSGSEND = YES;
				GCC_C_LANGUAGE_STANDARD = gnu11;
				GCC_NO_COMMON_BLOCKS = YES;
				GCC_WARN_64_TO_32_BIT_CONVERSION = YES;
				GCC_WARN_ABOUT_RETURN_TYPE = YES_ERROR;
				GCC_WARN_UNDECLARED_SELECTOR = YES;
				GCC_WARN_UNINITIALIZED_AUTOS = YES_AGGRESSIVE;
				GCC_WARN_UNUSED_FUNCTION = YES;
				GCC_WARN_UNUSED_VARIABLE = YES;
				IPHONEOS_DEPLOYMENT_TARGET = 12.1;
				MTL_ENABLE_DEBUG_INFO = NO;
				MTL_FAST_MATH = YES;
				SDKROOT = iphoneos;
				SWIFT_COMPILATION_MODE = wholemodule;
				SWIFT_OPTIMIZATION_LEVEL = "-O";
				VALIDATE_PRODUCT = YES;
			};
			name = Release;
		};
		5C60D5AE22126AD200E09305 /* Debug */ = {
			isa = XCBuildConfiguration;
			buildSettings = {
				ASSETCATALOG_COMPILER_APPICON_NAME = AppIcon;
				CODE_SIGN_STYLE = Automatic;
				DEVELOPMENT_TEAM = 2QPFA6M8LP;
				INFOPLIST_FILE = EasyPodcast/Info.plist;
				LD_RUNPATH_SEARCH_PATHS = (
					"$(inherited)",
					"@executable_path/Frameworks",
				);
				PRODUCT_BUNDLE_IDENTIFIER = com.AndyChung.EasyPodcast;
				PRODUCT_NAME = "$(TARGET_NAME)";
				SWIFT_VERSION = 4.2;
				TARGETED_DEVICE_FAMILY = "1,2";
			};
			name = Debug;
		};
		5C60D5AF22126AD200E09305 /* Release */ = {
			isa = XCBuildConfiguration;
			buildSettings = {
				ASSETCATALOG_COMPILER_APPICON_NAME = AppIcon;
				CODE_SIGN_STYLE = Automatic;
				DEVELOPMENT_TEAM = 2QPFA6M8LP;
				INFOPLIST_FILE = EasyPodcast/Info.plist;
				LD_RUNPATH_SEARCH_PATHS = (
					"$(inherited)",
					"@executable_path/Frameworks",
				);
				PRODUCT_BUNDLE_IDENTIFIER = com.AndyChung.EasyPodcast;
				PRODUCT_NAME = "$(TARGET_NAME)";
				SWIFT_VERSION = 4.2;
				TARGETED_DEVICE_FAMILY = "1,2";
			};
			name = Release;
		};
/* End XCBuildConfiguration section */

/* Begin XCConfigurationList section */
		5C60D59622126AD100E09305 /* Build configuration list for PBXProject "EasyPodcast" */ = {
			isa = XCConfigurationList;
			buildConfigurations = (
				5C60D5AB22126AD200E09305 /* Debug */,
				5C60D5AC22126AD200E09305 /* Release */,
			);
			defaultConfigurationIsVisible = 0;
			defaultConfigurationName = Release;
		};
		5C60D5AD22126AD200E09305 /* Build configuration list for PBXNativeTarget "EasyPodcast" */ = {
			isa = XCConfigurationList;
			buildConfigurations = (
				5C60D5AE22126AD200E09305 /* Debug */,
				5C60D5AF22126AD200E09305 /* Release */,
			);
			defaultConfigurationIsVisible = 0;
			defaultConfigurationName = Release;
		};
/* End XCConfigurationList section */
	};
	rootObject = 5C60D59322126AD100E09305 /* Project object */;
}
